Microsoft Visual Studio Solution File, Format Version 12.00
# Visual Studio Version 17
VisualStudioVersion = 17.5.2.0
MinimumVisualStudioVersion = 10.0.40219.1
Project("{FAE04EC0-301F-11D3-BF4B-00C04F79EFBC}") = "OauthGithub", "OauthGithub.csproj", "{C99A7F3D-E5B8-7B2D-C255-DDA6ADF8FE5F}"
EndProject
Global
	GlobalSection(SolutionConfigurationPlatforms) = preSolution
		Debug|Any CPU = Debug|Any CPU
		Release|Any CPU = Release|Any CPU
	EndGlobalSection
	GlobalSection(ProjectConfigurationPlatforms) = postSolution
		{C99A7F3D-E5B8-7B2D-C255-DDA6ADF8FE5F}.Debug|Any CPU.ActiveCfg = Debug|Any CPU
		{C99A7F3D-E5B8-7B2D-C255-DDA6ADF8FE5F}.Debug|Any CPU.Build.0 = Debug|Any CPU
		{C99A7F3D-E5B8-7B2D-C255-DDA6ADF8FE5F}.Release|Any CPU.ActiveCfg = Release|Any CPU
		{C99A7F3D-E5B8-7B2D-C255-DDA6ADF8FE5F}.Release|Any CPU.Build.0 = Release|Any CPU
	EndGlobalSection
	GlobalSection(SolutionProperties) = preSolution
		HideSolutionNode = FALSE
	EndGlobalSection
	GlobalSection(ExtensibilityGlobals) = postSolution
		SolutionGuid = {0BA7858B-2650-4242-9266-1F01ED85814D}
	EndGlobalSection
EndGlobal
