
Microsoft Visual Studio Solution File, Format Version 12.00
# Visual Studio Version 17
VisualStudioVersion = 17.8.0

Project("{FAE04EC0-301F-11D3-BF4B-00C04F79EFBC}") = "MediatRDemo.API", "src\MediatRDemo.API\MediatRDemo.API.csproj", "{11111111-AAAA-AAAA-AAAA-111111111111}"
EndProject
Project("{FAE04EC0-301F-11D3-BF4B-00C04F79EFBC}") = "MediatRDemo.IntegrationTests", "tests\MediatRDemo.IntegrationTests\MediatRDemo.IntegrationTests.csproj", "{22222222-BBBB-BBBB-BBBB-222222222222}"
EndProject

Global
    GlobalSection(SolutionConfigurationPlatforms) = preSolution
        Debug|Any CPU = Debug|Any CPU
        Release|Any CPU = Release|Any CPU
    EndGlobalSection
    GlobalSection(ProjectConfigurationPlatforms) = postSolution
        {11111111-AAAA-AAAA-AAAA-111111111111}.Debug|Any CPU.ActiveCfg = Debug|Any CPU
        {11111111-AAAA-AAAA-AAAA-111111111111}.Debug|Any CPU.Build.0 = Debug|Any CPU
        {22222222-BBBB-BBBB-BBBB-222222222222}.Debug|Any CPU.ActiveCfg = Debug|Any CPU
        {22222222-BBBB-BBBB-BBBB-222222222222}.Debug|Any CPU.Build.0 = Debug|Any CPU
    EndGlobalSection
EndGlobal
